# This file was autogenerated by Stack.
# You should not edit this file by hand.
# For more information, please see the documentation at:
#   https://docs.haskellstack.org/en/stable/lock_files

packages:
- completed:
    hackage: data-lens-2.11.2@sha256:4a0540728d917dfb97566e184172d31a744966ccfeced16a7600b21dec150f37,1268
    pantry-tree:
      size: 606
      sha256: 2d2babe4a37ce09eb0bb4c4197d92a7c5b3b6943c960f35a13798865f8f47ecd
  original:
    hackage: data-lens-2.11.2
- completed:
    hackage: data-lens-template-2.2@sha256:08382f5eb104e1913b8341b3fcd6a987f451d276d081711bead28529c2fc73d2,974
    pantry-tree:
      size: 224
      sha256: df3828f2e8261cb29ce77695be4328f4f369ee46f491943385f010cc1378f1c4
  original:
    hackage: data-lens-template-2.2
- completed:
    hackage: graph-visit-0.1.0.2@sha256:cfafe54f538ffe858fbb422d3f20f23558a8d7cf542590e48c6c1139f107f28d,968
    pantry-tree:
      size: 220
      sha256: 7397e9254a51a10e967b19a0114db228f0402205182a0ef1e35b62f24e304848
  original:
    hackage: graph-visit-0.1.0.2
snapshots:
- completed:
    size: 492027
    url: https://raw.githubusercontent.com/commercialhaskell/stackage-snapshots/master/lts/15/9.yaml
    sha256: 11394dc975e96c2fea90f7f2b3229630d46351a092ebcec78f0a56403930b429
  original: lts-15.9
